// !$*UTF8*$!
{
	archiveVersion = 1;
	classes = {
	};
	objectVersion = 77;
	objects = {

/* Begin PBXBuildFile section */
		59787DE92E2AE096001B1218 /* FirebaseAI in Frameworks */ = {isa = PBXBuildFile; productRef = 59787DE82E2AE096001B1218 /* FirebaseAI */; };
		59787DEB2E2AE096001B1218 /* FirebaseAnalytics in Frameworks */ = {isa = PBXBuildFile; productRef = 59787DEA2E2AE096001B1218 /* FirebaseAnalytics */; };
		59787DED2E2AE096001B1218 /* FirebaseAnalyticsCore in Frameworks */ = {isa = PBXBuildFile; productRef = 59787DEC2E2AE096001B1218 /* FirebaseAnalyticsCore */; };
		59787DEF2E2AE096001B1218 /* FirebaseAnalyticsIdentitySupport in Frameworks */ = {isa = PBXBuildFile; productRef = 59787DEE2E2AE096001B1218 /* FirebaseAnalyticsIdentitySupport */; };
		59787DF12E2AE096001B1218 /* FirebaseAppCheck in Frameworks */ = {isa = PBXBuildFile; productRef = 59787DF02E2AE096001B1218 /* FirebaseAppCheck */; };
		59787DF32E2AE096001B1218 /* FirebaseAppDistribution-Beta in Frameworks */ = {isa = PBXBuildFile; productRef = 59787DF22E2AE096001B1218 /* FirebaseAppDistribution-Beta */; };
		59787DF52E2AE096001B1218 /* FirebaseAuth in Frameworks */ = {isa = PBXBuildFile; productRef = 59787DF42E2AE096001B1218 /* FirebaseAuth */; };
		59787DF72E2AE096001B1218 /* FirebaseAuthCombine-Community in Frameworks */ = {isa = PBXBuildFile; productRef = 59787DF62E2AE096001B1218 /* FirebaseAuthCombine-Community */; };
		59787DF92E2AE096001B1218 /* FirebaseCore in Frameworks */ = {isa = PBXBuildFile; productRef = 59787DF82E2AE096001B1218 /* FirebaseCore */; };
		59787DFB2E2AE096001B1218 /* FirebaseCrashlytics in Frameworks */ = {isa = PBXBuildFile; productRef = 59787DFA2E2AE096001B1218 /* FirebaseCrashlytics */; };
		59787DFD2E2AE096001B1218 /* FirebaseDatabase in Frameworks */ = {isa = PBXBuildFile; productRef = 59787DFC2E2AE096001B1218 /* FirebaseDatabase */; };
		59787DFF2E2AE096001B1218 /* FirebaseFirestore in Frameworks */ = {isa = PBXBuildFile; productRef = 59787DFE2E2AE096001B1218 /* FirebaseFirestore */; };
		59787E012E2AE096001B1218 /* FirebaseFirestoreCombine-Community in Frameworks */ = {isa = PBXBuildFile; productRef = 59787E002E2AE096001B1218 /* FirebaseFirestoreCombine-Community */; };
		59787E032E2AE096001B1218 /* FirebaseFunctions in Frameworks */ = {isa = PBXBuildFile; productRef = 59787E022E2AE096001B1218 /* FirebaseFunctions */; };
		59787E052E2AE096001B1218 /* FirebaseFunctionsCombine-Community in Frameworks */ = {isa = PBXBuildFile; productRef = 59787E042E2AE096001B1218 /* FirebaseFunctionsCombine-Community */; };
		59787E072E2AE096001B1218 /* FirebaseInstallations in Frameworks */ = {isa = PBXBuildFile; productRef = 59787E062E2AE096001B1218 /* FirebaseInstallations */; };
		59787E092E2AE096001B1218 /* FirebasePerformance in Frameworks */ = {isa = PBXBuildFile; productRef = 59787E082E2AE096001B1218 /* FirebasePerformance */; };
		59787E0B2E2AE096001B1218 /* FirebaseRemoteConfig in Frameworks */ = {isa = PBXBuildFile; productRef = 59787E0A2E2AE096001B1218 /* FirebaseRemoteConfig */; };
		59787E0D2E2AE096001B1218 /* FirebaseStorage in Frameworks */ = {isa = PBXBuildFile; productRef = 59787E0C2E2AE096001B1218 /* FirebaseStorage */; };
		59787E612E36F911001B1218 /* GoogleMobileAds in Frameworks */ = {isa = PBXBuildFile; productRef = 59787E602E36F911001B1218 /* GoogleMobileAds */; };
		59ABAEC12E53307D00C77CD4 /* GoogleAppMeasurement in Frameworks */ = {isa = PBXBuildFile; productRef = 59ABAEC02E53307D00C77CD4 /* GoogleAppMeasurement */; };
		59ABAEC32E53307D00C77CD4 /* GoogleAppMeasurementCore in Frameworks */ = {isa = PBXBuildFile; productRef = 59ABAEC22E53307D00C77CD4 /* GoogleAppMeasurementCore */; };
		59ABAEC52E53307D00C77CD4 /* GoogleAppMeasurementIdentitySupport in Frameworks */ = {isa = PBXBuildFile; productRef = 59ABAEC42E53307D00C77CD4 /* GoogleAppMeasurementIdentitySupport */; };
		59ABAEC72E5332B100C77CD4 /* AdSupport.framework in Frameworks */ = {isa = PBXBuildFile; fileRef = 59ABAEC62E5332B100C77CD4 /* AdSupport.framework */; };
		59ABAEC92E5332BB00C77CD4 /* AppTrackingTransparency.framework in Frameworks */ = {isa = PBXBuildFile; fileRef = 59ABAEC82E5332BB00C77CD4 /* AppTrackingTransparency.framework */; };
/* End PBXBuildFile section */

/* Begin PBXContainerItemProxy section */
		59787DA92E2A5922001B1218 /* PBXContainerItemProxy */ = {
			isa = PBXContainerItemProxy;
			containerPortal = 59787D932E2A5921001B1218 /* Project object */;
			proxyType = 1;
			remoteGlobalIDString = 59787D9A2E2A5921001B1218;
			remoteInfo = RuneWords;
		};
		59787DB32E2A5922001B1218 /* PBXContainerItemProxy */ = {
			isa = PBXContainerItemProxy;
			containerPortal = 59787D932E2A5921001B1218 /* Project object */;
			proxyType = 1;
			remoteGlobalIDString = 59787D9A2E2A5921001B1218;
			remoteInfo = RuneWords;
		};
/* End PBXContainerItemProxy section */

/* Begin PBXFileReference section */
		59787D9B2E2A5921001B1218 /* RuneWords.app */ = {isa = PBXFileReference; explicitFileType = wrapper.application; includeInIndex = 0; path = RuneWords.app; sourceTree = BUILT_PRODUCTS_DIR; };
		59787DA82E2A5922001B1218 /* RuneWordsTests.xctest */ = {isa = PBXFileReference; explicitFileType = wrapper.cfbundle; includeInIndex = 0; path = RuneWordsTests.xctest; sourceTree = BUILT_PRODUCTS_DIR; };
		59787DB22E2A5922001B1218 /* RuneWordsUITests.xctest */ = {isa = PBXFileReference; explicitFileType = wrapper.cfbundle; includeInIndex = 0; path = RuneWordsUITests.xctest; sourceTree = BUILT_PRODUCTS_DIR; };
		59ABAEC62E5332B100C77CD4 /* AdSupport.framework */ = {isa = PBXFileReference; lastKnownFileType = wrapper.framework; name = AdSupport.framework; path = System/Library/Frameworks/AdSupport.framework; sourceTree = SDKROOT; };
		59ABAEC82E5332BB00C77CD4 /* AppTrackingTransparency.framework */ = {isa = PBXFileReference; lastKnownFileType = wrapper.framework; name = AppTrackingTransparency.framework; path = System/Library/Frameworks/AppTrackingTransparency.framework; sourceTree = SDKROOT; };
/* End PBXFileReference section */

/* Begin PBXFileSystemSynchronizedBuildFileExceptionSet section */
		59787DD72E2ABD4A001B1218 /* Exceptions for "RuneWords" folder in "RuneWords" target */ = {
			isa = PBXFileSystemSynchronizedBuildFileExceptionSet;
			membershipExceptions = (
				Info.plist,
			);
			target = 59787D9A2E2A5921001B1218 /* RuneWords */;
		};
/* End PBXFileSystemSynchronizedBuildFileExceptionSet section */

/* Begin PBXFileSystemSynchronizedRootGroup section */
		59787D9D2E2A5921001B1218 /* RuneWords */ = {
			isa = PBXFileSystemSynchronizedRootGroup;
			exceptions = (
				59787DD72E2ABD4A001B1218 /* Exceptions for "RuneWords" folder in "RuneWords" target */,
			);
			path = RuneWords;
			sourceTree = "<group>";
		};
		59787DAB2E2A5922001B1218 /* RuneWordsTests */ = {
			isa = PBXFileSystemSynchronizedRootGroup;
			path = RuneWordsTests;
			sourceTree = "<group>";
		};
		59787DB52E2A5922001B1218 /* RuneWordsUITests */ = {
			isa = PBXFileSystemSynchronizedRootGroup;
			path = RuneWordsUITests;
			sourceTree = "<group>";
		};
/* End PBXFileSystemSynchronizedRootGroup section */

/* Begin PBXFrameworksBuildPhase section */
		59787D982E2A5921001B1218 /* Frameworks */ = {
			isa = PBXFrameworksBuildPhase;
			buildActionMask = 2147483647;
			files = (
				59787E012E2AE096001B1218 /* FirebaseFirestoreCombine-Community in Frameworks */,
				59787E032E2AE096001B1218 /* FirebaseFunctions in Frameworks */,
				59787DEF2E2AE096001B1218 /* FirebaseAnalyticsIdentitySupport in Frameworks */,
				59787DEB2E2AE096001B1218 /* FirebaseAnalytics in Frameworks */,
				59787DED2E2AE096001B1218 /* FirebaseAnalyticsCore in Frameworks */,
				59787DF12E2AE096001B1218 /* FirebaseAppCheck in Frameworks */,
				59787DE92E2AE096001B1218 /* FirebaseAI in Frameworks */,
				59787DFF2E2AE096001B1218 /* FirebaseFirestore in Frameworks */,
				59787E052E2AE096001B1218 /* FirebaseFunctionsCombine-Community in Frameworks */,
				59787E0D2E2AE096001B1218 /* FirebaseStorage in Frameworks */,
				59787E0B2E2AE096001B1218 /* FirebaseRemoteConfig in Frameworks */,
				59787E092E2AE096001B1218 /* FirebasePerformance in Frameworks */,
				59787E612E36F911001B1218 /* GoogleMobileAds in Frameworks */,
				59787DF52E2AE096001B1218 /* FirebaseAuth in Frameworks */,
				59787DF32E2AE096001B1218 /* FirebaseAppDistribution-Beta in Frameworks */,
				59787E072E2AE096001B1218 /* FirebaseInstallations in Frameworks */,
				59787DFB2E2AE096001B1218 /* FirebaseCrashlytics in Frameworks */,
				59ABAEC72E5332B100C77CD4 /* AdSupport.framework in Frameworks */,
				59787DFD2E2AE096001B1218 /* FirebaseDatabase in Frameworks */,
				59ABAEC12E53307D00C77CD4 /* GoogleAppMeasurement in Frameworks */,
				59ABAEC92E5332BB00C77CD4 /* AppTrackingTransparency.framework in Frameworks */,
				59ABAEC32E53307D00C77CD4 /* GoogleAppMeasurementCore in Frameworks */,
				59787DF92E2AE096001B1218 /* FirebaseCore in Frameworks */,
				59787DF72E2AE096001B1218 /* FirebaseAuthCombine-Community in Frameworks */,
				59ABAEC52E53307D00C77CD4 /* GoogleAppMeasurementIdentitySupport in Frameworks */,
			);
			runOnlyForDeploymentPostprocessing = 0;
		};
		59787DA52E2A5922001B1218 /* Frameworks */ = {
			isa = PBXFrameworksBuildPhase;
			buildActionMask = 2147483647;
			files = (
			);
			runOnlyForDeploymentPostprocessing = 0;
		};
		59787DAF2E2A5922001B1218 /* Frameworks */ = {
			isa = PBXFrameworksBuildPhase;
			buildActionMask = 2147483647;
			files = (
			);
			runOnlyForDeploymentPostprocessing = 0;
		};
/* End PBXFrameworksBuildPhase section */

/* Begin PBXGroup section */
		59787D922E2A5921001B1218 = {
			isa = PBXGroup;
			children = (
				59787D9D2E2A5921001B1218 /* RuneWords */,
				59787DAB2E2A5922001B1218 /* RuneWordsTests */,
				59787DB52E2A5922001B1218 /* RuneWordsUITests */,
				59ABAEBE2E532D8F00C77CD4 /* Frameworks */,
				59787D9C2E2A5921001B1218 /* Products */,
			);
			sourceTree = "<group>";
		};
		59787D9C2E2A5921001B1218 /* Products */ = {
			isa = PBXGroup;
			children = (
				59787D9B2E2A5921001B1218 /* RuneWords.app */,
				59787DA82E2A5922001B1218 /* RuneWordsTests.xctest */,
				59787DB22E2A5922001B1218 /* RuneWordsUITests.xctest */,
			);
			name = Products;
			sourceTree = "<group>";
		};
		59ABAEBE2E532D8F00C77CD4 /* Frameworks */ = {
			isa = PBXGroup;
			children = (
				59ABAEC82E5332BB00C77CD4 /* AppTrackingTransparency.framework */,
				59ABAEC62E5332B100C77CD4 /* AdSupport.framework */,
			);
			name = Frameworks;
			sourceTree = "<group>";
		};
/* End PBXGroup section */

/* Begin PBXNativeTarget section */
		59787D9A2E2A5921001B1218 /* RuneWords */ = {
			isa = PBXNativeTarget;
			buildConfigurationList = 59787DBC2E2A5922001B1218 /* Build configuration list for PBXNativeTarget "RuneWords" */;
			buildPhases = (
				59787D972E2A5921001B1218 /* Sources */,
				59787D982E2A5921001B1218 /* Frameworks */,
				59787D992E2A5921001B1218 /* Resources */,
			);
			buildRules = (
			);
			dependencies = (
			);
			fileSystemSynchronizedGroups = (
				59787D9D2E2A5921001B1218 /* RuneWords */,
			);
			name = RuneWords;
			packageProductDependencies = (
				59787DE82E2AE096001B1218 /* FirebaseAI */,
				59787DEA2E2AE096001B1218 /* FirebaseAnalytics */,
				59787DEC2E2AE096001B1218 /* FirebaseAnalyticsCore */,
				59787DEE2E2AE096001B1218 /* FirebaseAnalyticsIdentitySupport */,
				59787DF02E2AE096001B1218 /* FirebaseAppCheck */,
				59787DF22E2AE096001B1218 /* FirebaseAppDistribution-Beta */,
				59787DF42E2AE096001B1218 /* FirebaseAuth */,
				59787DF62E2AE096001B1218 /* FirebaseAuthCombine-Community */,
				59787DF82E2AE096001B1218 /* FirebaseCore */,
				59787DFA2E2AE096001B1218 /* FirebaseCrashlytics */,
				59787DFC2E2AE096001B1218 /* FirebaseDatabase */,
				59787DFE2E2AE096001B1218 /* FirebaseFirestore */,
				59787E002E2AE096001B1218 /* FirebaseFirestoreCombine-Community */,
				59787E022E2AE096001B1218 /* FirebaseFunctions */,
				59787E042E2AE096001B1218 /* FirebaseFunctionsCombine-Community */,
				59787E062E2AE096001B1218 /* FirebaseInstallations */,
				59787E082E2AE096001B1218 /* FirebasePerformance */,
				59787E0A2E2AE096001B1218 /* FirebaseRemoteConfig */,
				59787E0C2E2AE096001B1218 /* FirebaseStorage */,
				59787E602E36F911001B1218 /* GoogleMobileAds */,
				59ABAEC02E53307D00C77CD4 /* GoogleAppMeasurement */,
				59ABAEC22E53307D00C77CD4 /* GoogleAppMeasurementCore */,
				59ABAEC42E53307D00C77CD4 /* GoogleAppMeasurementIdentitySupport */,
			);
			productName = RuneWords;
			productReference = 59787D9B2E2A5921001B1218 /* RuneWords.app */;
			productType = "com.apple.product-type.application";
		};
		59787DA72E2A5922001B1218 /* RuneWordsTests */ = {
			isa = PBXNativeTarget;
			buildConfigurationList = 59787DBF2E2A5922001B1218 /* Build configuration list for PBXNativeTarget "RuneWordsTests" */;
			buildPhases = (
				59787DA42E2A5922001B1218 /* Sources */,
				59787DA52E2A5922001B1218 /* Frameworks */,
				59787DA62E2A5922001B1218 /* Resources */,
			);
			buildRules = (
			);
			dependencies = (
				59787DAA2E2A5922001B1218 /* PBXTargetDependency */,
			);
			fileSystemSynchronizedGroups = (
				59787DAB2E2A5922001B1218 /* RuneWordsTests */,
			);
			name = RuneWordsTests;
			packageProductDependencies = (
			);
			productName = RuneWordsTests;
			productReference = 59787DA82E2A5922001B1218 /* RuneWordsTests.xctest */;
			productType = "com.apple.product-type.bundle.unit-test";
		};
		59787DB12E2A5922001B1218 /* RuneWordsUITests */ = {
			isa = PBXNativeTarget;
			buildConfigurationList = 59787DC22E2A5922001B1218 /* Build configuration list for PBXNativeTarget "RuneWordsUITests" */;
			buildPhases = (
				59787DAE2E2A5922001B1218 /* Sources */,
				59787DAF2E2A5922001B1218 /* Frameworks */,
				59787DB02E2A5922001B1218 /* Resources */,
			);
			buildRules = (
			);
			dependencies = (
				59787DB42E2A5922001B1218 /* PBXTargetDependency */,
			);
			fileSystemSynchronizedGroups = (
				59787DB52E2A5922001B1218 /* RuneWordsUITests */,
			);
			name = RuneWordsUITests;
			packageProductDependencies = (
			);
			productName = RuneWordsUITests;
			productReference = 59787DB22E2A5922001B1218 /* RuneWordsUITests.xctest */;
			productType = "com.apple.product-type.bundle.ui-testing";
		};
/* End PBXNativeTarget section */

/* Begin PBXProject section */
		59787D932E2A5921001B1218 /* Project object */ = {
			isa = PBXProject;
			attributes = {
				BuildIndependentTargetsInParallel = 1;
				LastSwiftUpdateCheck = 1640;
				LastUpgradeCheck = 1640;
				TargetAttributes = {
					59787D9A2E2A5921001B1218 = {
						CreatedOnToolsVersion = 16.4;
					};
					59787DA72E2A5922001B1218 = {
						CreatedOnToolsVersion = 16.4;
						TestTargetID = 59787D9A2E2A5921001B1218;
					};
					59787DB12E2A5922001B1218 = {
						CreatedOnToolsVersion = 16.4;
						TestTargetID = 59787D9A2E2A5921001B1218;
					};
				};
			};
			buildConfigurationList = 59787D962E2A5921001B1218 /* Build configuration list for PBXProject "RuneWords" */;
			developmentRegion = en;
			hasScannedForEncodings = 0;
			knownRegions = (
				en,
				Base,
			);
			mainGroup = 59787D922E2A5921001B1218;
			minimizedProjectReferenceProxies = 1;
			packageReferences = (
				59787DE72E2AE096001B1218 /* XCRemoteSwiftPackageReference "firebase-ios-sdk" */,
				59787E5F2E36F911001B1218 /* XCRemoteSwiftPackageReference "swift-package-manager-google-mobile-ads" */,
				59ABAEBF2E53307D00C77CD4 /* XCRemoteSwiftPackageReference "GoogleAppMeasurement" */,
			);
			preferredProjectObjectVersion = 77;
			productRefGroup = 59787D9C2E2A5921001B1218 /* Products */;
			projectDirPath = "";
			projectRoot = "";
			targets = (
				59787D9A2E2A5921001B1218 /* RuneWords */,
				59787DA72E2A5922001B1218 /* RuneWordsTests */,
				59787DB12E2A5922001B1218 /* RuneWordsUITests */,
			);
		};
/* End PBXProject section */

/* Begin PBXResourcesBuildPhase section */
		59787D992E2A5921001B1218 /* Resources */ = {
			isa = PBXResourcesBuildPhase;
			buildActionMask = 2147483647;
			files = (
			);
			runOnlyForDeploymentPostprocessing = 0;
		};
		59787DA62E2A5922001B1218 /* Resources */ = {
			isa = PBXResourcesBuildPhase;
			buildActionMask = 2147483647;
			files = (
			);
			runOnlyForDeploymentPostprocessing = 0;
		};
		59787DB02E2A5922001B1218 /* Resources */ = {
			isa = PBXResourcesBuildPhase;
			buildActionMask = 2147483647;
			files = (
			);
			runOnlyForDeploymentPostprocessing = 0;
		};
/* End PBXResourcesBuildPhase section */

/* Begin PBXSourcesBuildPhase section */
		59787D972E2A5921001B1218 /* Sources */ = {
			isa = PBXSourcesBuildPhase;
			buildActionMask = 2147483647;
			files = (
			);
			runOnlyForDeploymentPostprocessing = 0;
		};
		59787DA42E2A5922001B1218 /* Sources */ = {
			isa = PBXSourcesBuildPhase;
			buildActionMask = 2147483647;
			files = (
			);
			runOnlyForDeploymentPostprocessing = 0;
		};
		59787DAE2E2A5922001B1218 /* Sources */ = {
			isa = PBXSourcesBuildPhase;
			buildActionMask = 2147483647;
			files = (
			);
			runOnlyForDeploymentPostprocessing = 0;
		};
/* End PBXSourcesBuildPhase section */

/* Begin PBXTargetDependency section */
		59787DAA2E2A5922001B1218 /* PBXTargetDependency */ = {
			isa = PBXTargetDependency;
			target = 59787D9A2E2A5921001B1218 /* RuneWords */;
			targetProxy = 59787DA92E2A5922001B1218 /* PBXContainerItemProxy */;
		};
		59787DB42E2A5922001B1218 /* PBXTargetDependency */ = {
			isa = PBXTargetDependency;
			target = 59787D9A2E2A5921001B1218 /* RuneWords */;
			targetProxy = 59787DB32E2A5922001B1218 /* PBXContainerItemProxy */;
		};
/* End PBXTargetDependency section */

/* Begin XCBuildConfiguration section */
		59787DBA2E2A5922001B1218 /* Debug */ = {
			isa = XCBuildConfiguration;
			buildSettings = {
				ALWAYS_SEARCH_USER_PATHS = NO;
				ASSETCATALOG_COMPILER_GENERATE_SWIFT_ASSET_SYMBOL_EXTENSIONS = YES;
				CLANG_ANALYZER_NONNULL = YES;
				CLANG_ANALYZER_NUMBER_OBJECT_CONVERSION = YES_AGGRESSIVE;
				CLANG_CXX_LANGUAGE_STANDARD = "gnu++20";
				CLANG_ENABLE_MODULES = YES;
				CLANG_ENABLE_OBJC_ARC = YES;
				CLANG_ENABLE_OBJC_WEAK = YES;
				CLANG_WARN_BLOCK_CAPTURE_AUTORELEASING = YES;
				CLANG_WARN_BOOL_CONVERSION = YES;
				CLANG_WARN_COMMA = YES;
				CLANG_WARN_CONSTANT_CONVERSION = YES;
				CLANG_WARN_DEPRECATED_OBJC_IMPLEMENTATIONS = YES;
				CLANG_WARN_DIRECT_OBJC_ISA_USAGE = YES_ERROR;
				CLANG_WARN_DOCUMENTATION_COMMENTS = YES;
				CLANG_WARN_EMPTY_BODY = YES;
				CLANG_WARN_ENUM_CONVERSION = YES;
				CLANG_WARN_INFINITE_RECURSION = YES;
				CLANG_WARN_INT_CONVERSION = YES;
				CLANG_WARN_NON_LITERAL_NULL_CONVERSION = YES;
				CLANG_WARN_OBJC_IMPLICIT_RETAIN_SELF = YES;
				CLANG_WARN_OBJC_LITERAL_CONVERSION = YES;
				CLANG_WARN_OBJC_ROOT_CLASS = YES_ERROR;
				CLANG_WARN_QUOTED_INCLUDE_IN_FRAMEWORK_HEADER = YES;
				CLANG_WARN_RANGE_LOOP_ANALYSIS = YES;
				CLANG_WARN_STRICT_PROTOTYPES = YES;
				CLANG_WARN_SUSPICIOUS_MOVE = YES;
				CLANG_WARN_UNGUARDED_AVAILABILITY = YES_AGGRESSIVE;
				CLANG_WARN_UNREACHABLE_CODE = YES;
				CLANG_WARN__DUPLICATE_METHOD_MATCH = YES;
				COPY_PHASE_STRIP = NO;
				DEBUG_INFORMATION_FORMAT = dwarf;
				DEVELOPMENT_TEAM = P3MNVS9Z4U;
				ENABLE_STRICT_OBJC_MSGSEND = YES;
				ENABLE_TESTABILITY = YES;
				ENABLE_USER_SCRIPT_SANDBOXING = YES;
				GCC_C_LANGUAGE_STANDARD = gnu17;
				GCC_DYNAMIC_NO_PIC = NO;
				GCC_NO_COMMON_BLOCKS = YES;
				GCC_OPTIMIZATION_LEVEL = 0;
				GCC_PREPROCESSOR_DEFINITIONS = (
					"DEBUG=1",
					"$(inherited)",
				);
				GCC_WARN_64_TO_32_BIT_CONVERSION = YES;
				GCC_WARN_ABOUT_RETURN_TYPE = YES_ERROR;
				GCC_WARN_UNDECLARED_SELECTOR = YES;
				GCC_WARN_UNINITIALIZED_AUTOS = YES_AGGRESSIVE;
				GCC_WARN_UNUSED_FUNCTION = YES;
				GCC_WARN_UNUSED_VARIABLE = YES;
				IPHONEOS_DEPLOYMENT_TARGET = 18.5;
				LOCALIZATION_PREFERS_STRING_CATALOGS = YES;
				MTL_ENABLE_DEBUG_INFO = INCLUDE_SOURCE;
				MTL_FAST_MATH = YES;
				ONLY_ACTIVE_ARCH = YES;
				SDKROOT = iphoneos;
				SWIFT_ACTIVE_COMPILATION_CONDITIONS = "DEBUG $(inherited)";
				SWIFT_OPTIMIZATION_LEVEL = "-Onone";
			};
			name = Debug;
		};
		59787DBB2E2A5922001B1218 /* Release */ = {
			isa = XCBuildConfiguration;
			buildSettings = {
				ALWAYS_SEARCH_USER_PATHS = NO;
				ASSETCATALOG_COMPILER_GENERATE_SWIFT_ASSET_SYMBOL_EXTENSIONS = YES;
				CLANG_ANALYZER_NONNULL = YES;
				CLANG_ANALYZER_NUMBER_OBJECT_CONVERSION = YES_AGGRESSIVE;
				CLANG_CXX_LANGUAGE_STANDARD = "gnu++20";
				CLANG_ENABLE_MODULES = YES;
				CLANG_ENABLE_OBJC_ARC = YES;
				CLANG_ENABLE_OBJC_WEAK = YES;
				CLANG_WARN_BLOCK_CAPTURE_AUTORELEASING = YES;
				CLANG_WARN_BOOL_CONVERSION = YES;
				CLANG_WARN_COMMA = YES;
				CLANG_WARN_CONSTANT_CONVERSION = YES;
				CLANG_WARN_DEPRECATED_OBJC_IMPLEMENTATIONS = YES;
				CLANG_WARN_DIRECT_OBJC_ISA_USAGE = YES_ERROR;
				CLANG_WARN_DOCUMENTATION_COMMENTS = YES;
				CLANG_WARN_EMPTY_BODY = YES;
				CLANG_WARN_ENUM_CONVERSION = YES;
				CLANG_WARN_INFINITE_RECURSION = YES;
				CLANG_WARN_INT_CONVERSION = YES;
				CLANG_WARN_NON_LITERAL_NULL_CONVERSION = YES;
				CLANG_WARN_OBJC_IMPLICIT_RETAIN_SELF = YES;
				CLANG_WARN_OBJC_LITERAL_CONVERSION = YES;
				CLANG_WARN_OBJC_ROOT_CLASS = YES_ERROR;
				CLANG_WARN_QUOTED_INCLUDE_IN_FRAMEWORK_HEADER = YES;
				CLANG_WARN_RANGE_LOOP_ANALYSIS = YES;
				CLANG_WARN_STRICT_PROTOTYPES = YES;
				CLANG_WARN_SUSPICIOUS_MOVE = YES;
				CLANG_WARN_UNGUARDED_AVAILABILITY = YES_AGGRESSIVE;
				CLANG_WARN_UNREACHABLE_CODE = YES;
				CLANG_WARN__DUPLICATE_METHOD_MATCH = YES;
				COPY_PHASE_STRIP = NO;
				DEBUG_INFORMATION_FORMAT = "dwarf-with-dsym";
				DEVELOPMENT_TEAM = P3MNVS9Z4U;
				ENABLE_NS_ASSERTIONS = NO;
				ENABLE_STRICT_OBJC_MSGSEND = YES;
				ENABLE_USER_SCRIPT_SANDBOXING = YES;
				GCC_C_LANGUAGE_STANDARD = gnu17;
				GCC_NO_COMMON_BLOCKS = YES;
				GCC_WARN_64_TO_32_BIT_CONVERSION = YES;
				GCC_WARN_ABOUT_RETURN_TYPE = YES_ERROR;
				GCC_WARN_UNDECLARED_SELECTOR = YES;
				GCC_WARN_UNINITIALIZED_AUTOS = YES_AGGRESSIVE;
				GCC_WARN_UNUSED_FUNCTION = YES;
				GCC_WARN_UNUSED_VARIABLE = YES;
				IPHONEOS_DEPLOYMENT_TARGET = 18.5;
				LOCALIZATION_PREFERS_STRING_CATALOGS = YES;
				MTL_ENABLE_DEBUG_INFO = NO;
				MTL_FAST_MATH = YES;
				SDKROOT = iphoneos;
				SWIFT_COMPILATION_MODE = wholemodule;
				VALIDATE_PRODUCT = YES;
			};
			name = Release;
		};
		59787DBD2E2A5922001B1218 /* Debug */ = {
			isa = XCBuildConfiguration;
			buildSettings = {
				ASSETCATALOG_COMPILER_APPICON_NAME = AppIcon;
				ASSETCATALOG_COMPILER_GLOBAL_ACCENT_COLOR_NAME = AccentColor;
				CODE_SIGN_ENTITLEMENTS = RuneWords/RuneWords.entitlements;
				CODE_SIGN_STYLE = Automatic;
				CURRENT_PROJECT_VERSION = 1;
				DEVELOPMENT_TEAM = P3MNVS9Z4U;
				ENABLE_PREVIEWS = YES;
				GENERATE_INFOPLIST_FILE = YES;
				INFOPLIST_FILE = RuneWords/Info.plist;
				INFOPLIST_KEY_LSApplicationCategoryType = "public.app-category.puzzle-games";
				INFOPLIST_KEY_UIApplicationSceneManifest_Generation = YES;
				INFOPLIST_KEY_UIApplicationSupportsIndirectInputEvents = YES;
				INFOPLIST_KEY_UILaunchScreen_Generation = YES;
				INFOPLIST_KEY_UISupportedInterfaceOrientations_iPad = "UIInterfaceOrientationPortrait UIInterfaceOrientationPortraitUpsideDown UIInterfaceOrientationLandscapeLeft UIInterfaceOrientationLandscapeRight";
				INFOPLIST_KEY_UISupportedInterfaceOrientations_iPhone = "UIInterfaceOrientationPortrait UIInterfaceOrientationLandscapeLeft UIInterfaceOrientationLandscapeRight";
				LD_RUNPATH_SEARCH_PATHS = (
					"$(inherited)",
					"@executable_path/Frameworks",
				);
				MARKETING_VERSION = 1.0;
				"OTHER_LDFLAGS[arch=*]" = (
					"$(inherited)",
					"-ObjC",
				);
				PRODUCT_BUNDLE_IDENTIFIER = com.yourskinmatters.RuneWords;
				PRODUCT_NAME = "$(TARGET_NAME)";
				SWIFT_EMIT_LOC_STRINGS = YES;
				SWIFT_VERSION = 5.0;
				TARGETED_DEVICE_FAMILY = "1,2";
			};
			name = Debug;
		};
		59787DBE2E2A5922001B1218 /* Release */ = {
			isa = XCBuildConfiguration;
			buildSettings = {
				ASSETCATALOG_COMPILER_APPICON_NAME = AppIcon;
				ASSETCATALOG_COMPILER_GLOBAL_ACCENT_COLOR_NAME = AccentColor;
				CODE_SIGN_ENTITLEMENTS = RuneWords/RuneWords.entitlements;
				CODE_SIGN_STYLE = Automatic;
				CURRENT_PROJECT_VERSION = 1;
				DEVELOPMENT_TEAM = P3MNVS9Z4U;
				ENABLE_PREVIEWS = YES;
				GENERATE_INFOPLIST_FILE = YES;
				INFOPLIST_FILE = RuneWords/Info.plist;
				INFOPLIST_KEY_LSApplicationCategoryType = "public.app-category.puzzle-games";
				INFOPLIST_KEY_UIApplicationSceneManifest_Generation = YES;
				INFOPLIST_KEY_UIApplicationSupportsIndirectInputEvents = YES;
				INFOPLIST_KEY_UILaunchScreen_Generation = YES;
				INFOPLIST_KEY_UISupportedInterfaceOrientations_iPad = "UIInterfaceOrientationPortrait UIInterfaceOrientationPortraitUpsideDown UIInterfaceOrientationLandscapeLeft UIInterfaceOrientationLandscapeRight";
				INFOPLIST_KEY_UISupportedInterfaceOrientations_iPhone = "UIInterfaceOrientationPortrait UIInterfaceOrientationLandscapeLeft UIInterfaceOrientationLandscapeRight";
				LD_RUNPATH_SEARCH_PATHS = (
					"$(inherited)",
					"@executable_path/Frameworks",
				);
				MARKETING_VERSION = 1.0;
				"OTHER_LDFLAGS[arch=*]" = (
					"$(inherited)",
					"-ObjC",
				);
				PRODUCT_BUNDLE_IDENTIFIER = com.yourskinmatters.RuneWords;
				PRODUCT_NAME = "$(TARGET_NAME)";
				SWIFT_EMIT_LOC_STRINGS = YES;
				SWIFT_VERSION = 5.0;
				TARGETED_DEVICE_FAMILY = "1,2";
			};
			name = Release;
		};
		59787DC02E2A5922001B1218 /* Debug */ = {
			isa = XCBuildConfiguration;
			buildSettings = {
				BUNDLE_LOADER = "$(TEST_HOST)";
				CODE_SIGN_STYLE = Automatic;
				CURRENT_PROJECT_VERSION = 1;
				DEVELOPMENT_TEAM = P3MNVS9Z4U;
				GENERATE_INFOPLIST_FILE = YES;
				IPHONEOS_DEPLOYMENT_TARGET = 18.5;
				MARKETING_VERSION = 1.0;
				PRODUCT_BUNDLE_IDENTIFIER = com.yourskinmatters.RuneWordsTests;
				PRODUCT_NAME = "$(TARGET_NAME)";
				SWIFT_EMIT_LOC_STRINGS = NO;
				SWIFT_VERSION = 5.0;
				TARGETED_DEVICE_FAMILY = "1,2";
				TEST_HOST = "$(BUILT_PRODUCTS_DIR)/RuneWords.app/$(BUNDLE_EXECUTABLE_FOLDER_PATH)/RuneWords";
			};
			name = Debug;
		};
		59787DC12E2A5922001B1218 /* Release */ = {
			isa = XCBuildConfiguration;
			buildSettings = {
				BUNDLE_LOADER = "$(TEST_HOST)";
				CODE_SIGN_STYLE = Automatic;
				CURRENT_PROJECT_VERSION = 1;
				DEVELOPMENT_TEAM = P3MNVS9Z4U;
				GENERATE_INFOPLIST_FILE = YES;
				IPHONEOS_DEPLOYMENT_TARGET = 18.5;
				MARKETING_VERSION = 1.0;
				PRODUCT_BUNDLE_IDENTIFIER = com.yourskinmatters.RuneWordsTests;
				PRODUCT_NAME = "$(TARGET_NAME)";
				SWIFT_EMIT_LOC_STRINGS = NO;
				SWIFT_VERSION = 5.0;
				TARGETED_DEVICE_FAMILY = "1,2";
				TEST_HOST = "$(BUILT_PRODUCTS_DIR)/RuneWords.app/$(BUNDLE_EXECUTABLE_FOLDER_PATH)/RuneWords";
			};
			name = Release;
		};
		59787DC32E2A5922001B1218 /* Debug */ = {
			isa = XCBuildConfiguration;
			buildSettings = {
				CODE_SIGN_STYLE = Automatic;
				CURRENT_PROJECT_VERSION = 1;
				DEVELOPMENT_TEAM = P3MNVS9Z4U;
				GENERATE_INFOPLIST_FILE = YES;
				MARKETING_VERSION = 1.0;
				PRODUCT_BUNDLE_IDENTIFIER = com.yourskinmatters.RuneWordsUITests;
				PRODUCT_NAME = "$(TARGET_NAME)";
				SWIFT_EMIT_LOC_STRINGS = NO;
				SWIFT_VERSION = 5.0;
				TARGETED_DEVICE_FAMILY = "1,2";
				TEST_TARGET_NAME = RuneWords;
			};
			name = Debug;
		};
		59787DC42E2A5922001B1218 /* Release */ = {
			isa = XCBuildConfiguration;
			buildSettings = {
				CODE_SIGN_STYLE = Automatic;
				CURRENT_PROJECT_VERSION = 1;
				DEVELOPMENT_TEAM = P3MNVS9Z4U;
				GENERATE_INFOPLIST_FILE = YES;
				MARKETING_VERSION = 1.0;
				PRODUCT_BUNDLE_IDENTIFIER = com.yourskinmatters.RuneWordsUITests;
				PRODUCT_NAME = "$(TARGET_NAME)";
				SWIFT_EMIT_LOC_STRINGS = NO;
				SWIFT_VERSION = 5.0;
				TARGETED_DEVICE_FAMILY = "1,2";
				TEST_TARGET_NAME = RuneWords;
			};
			name = Release;
		};
/* End XCBuildConfiguration section */

/* Begin XCConfigurationList section */
		59787D962E2A5921001B1218 /* Build configuration list for PBXProject "RuneWords" */ = {
			isa = XCConfigurationList;
			buildConfigurations = (
				59787DBA2E2A5922001B1218 /* Debug */,
				59787DBB2E2A5922001B1218 /* Release */,
			);
			defaultConfigurationIsVisible = 0;
			defaultConfigurationName = Release;
		};
		59787DBC2E2A5922001B1218 /* Build configuration list for PBXNativeTarget "RuneWords" */ = {
			isa = XCConfigurationList;
			buildConfigurations = (
				59787DBD2E2A5922001B1218 /* Debug */,
				59787DBE2E2A5922001B1218 /* Release */,
			);
			defaultConfigurationIsVisible = 0;
			defaultConfigurationName = Release;
		};
		59787DBF2E2A5922001B1218 /* Build configuration list for PBXNativeTarget "RuneWordsTests" */ = {
			isa = XCConfigurationList;
			buildConfigurations = (
				59787DC02E2A5922001B1218 /* Debug */,
				59787DC12E2A5922001B1218 /* Release */,
			);
			defaultConfigurationIsVisible = 0;
			defaultConfigurationName = Release;
		};
		59787DC22E2A5922001B1218 /* Build configuration list for PBXNativeTarget "RuneWordsUITests" */ = {
			isa = XCConfigurationList;
			buildConfigurations = (
				59787DC32E2A5922001B1218 /* Debug */,
				59787DC42E2A5922001B1218 /* Release */,
			);
			defaultConfigurationIsVisible = 0;
			defaultConfigurationName = Release;
		};
/* End XCConfigurationList section */

/* Begin XCRemoteSwiftPackageReference section */
		59787DE72E2AE096001B1218 /* XCRemoteSwiftPackageReference "firebase-ios-sdk" */ = {
			isa = XCRemoteSwiftPackageReference;
			repositoryURL = "https://github.com/firebase/firebase-ios-sdk";
			requirement = {
				kind = upToNextMajorVersion;
				minimumVersion = 12.0.0;
			};
		};
		59787E5F2E36F911001B1218 /* XCRemoteSwiftPackageReference "swift-package-manager-google-mobile-ads" */ = {
			isa = XCRemoteSwiftPackageReference;
			repositoryURL = "https://github.com/googleads/swift-package-manager-google-mobile-ads.git";
			requirement = {
				kind = upToNextMajorVersion;
				minimumVersion = 12.7.0;
			};
		};
		59ABAEBF2E53307D00C77CD4 /* XCRemoteSwiftPackageReference "GoogleAppMeasurement" */ = {
			isa = XCRemoteSwiftPackageReference;
			repositoryURL = "https://github.com/google/GoogleAppMeasurement";
			requirement = {
				kind = upToNextMajorVersion;
				minimumVersion = 12.1.0;
			};
		};
/* End XCRemoteSwiftPackageReference section */

/* Begin XCSwiftPackageProductDependency section */
		59787DE82E2AE096001B1218 /* FirebaseAI */ = {
			isa = XCSwiftPackageProductDependency;
			package = 59787DE72E2AE096001B1218 /* XCRemoteSwiftPackageReference "firebase-ios-sdk" */;
			productName = FirebaseAI;
		};
		59787DEA2E2AE096001B1218 /* FirebaseAnalytics */ = {
			isa = XCSwiftPackageProductDependency;
			package = 59787DE72E2AE096001B1218 /* XCRemoteSwiftPackageReference "firebase-ios-sdk" */;
			productName = FirebaseAnalytics;
		};
		59787DEC2E2AE096001B1218 /* FirebaseAnalyticsCore */ = {
			isa = XCSwiftPackageProductDependency;
			package = 59787DE72E2AE096001B1218 /* XCRemoteSwiftPackageReference "firebase-ios-sdk" */;
			productName = FirebaseAnalyticsCore;
		};
		59787DEE2E2AE096001B1218 /* FirebaseAnalyticsIdentitySupport */ = {
			isa = XCSwiftPackageProductDependency;
			package = 59787DE72E2AE096001B1218 /* XCRemoteSwiftPackageReference "firebase-ios-sdk" */;
			productName = FirebaseAnalyticsIdentitySupport;
		};
		59787DF02E2AE096001B1218 /* FirebaseAppCheck */ = {
			isa = XCSwiftPackageProductDependency;
			package = 59787DE72E2AE096001B1218 /* XCRemoteSwiftPackageReference "firebase-ios-sdk" */;
			productName = FirebaseAppCheck;
		};
		59787DF22E2AE096001B1218 /* FirebaseAppDistribution-Beta */ = {
			isa = XCSwiftPackageProductDependency;
			package = 59787DE72E2AE096001B1218 /* XCRemoteSwiftPackageReference "firebase-ios-sdk" */;
			productName = "FirebaseAppDistribution-Beta";
		};
		59787DF42E2AE096001B1218 /* FirebaseAuth */ = {
			isa = XCSwiftPackageProductDependency;
			package = 59787DE72E2AE096001B1218 /* XCRemoteSwiftPackageReference "firebase-ios-sdk" */;
			productName = FirebaseAuth;
		};
		59787DF62E2AE096001B1218 /* FirebaseAuthCombine-Community */ = {
			isa = XCSwiftPackageProductDependency;
			package = 59787DE72E2AE096001B1218 /* XCRemoteSwiftPackageReference "firebase-ios-sdk" */;
			productName = "FirebaseAuthCombine-Community";
		};
		59787DF82E2AE096001B1218 /* FirebaseCore */ = {
			isa = XCSwiftPackageProductDependency;
			package = 59787DE72E2AE096001B1218 /* XCRemoteSwiftPackageReference "firebase-ios-sdk" */;
			productName = FirebaseCore;
		};
		59787DFA2E2AE096001B1218 /* FirebaseCrashlytics */ = {
			isa = XCSwiftPackageProductDependency;
			package = 59787DE72E2AE096001B1218 /* XCRemoteSwiftPackageReference "firebase-ios-sdk" */;
			productName = FirebaseCrashlytics;
		};
		59787DFC2E2AE096001B1218 /* FirebaseDatabase */ = {
			isa = XCSwiftPackageProductDependency;
			package = 59787DE72E2AE096001B1218 /* XCRemoteSwiftPackageReference "firebase-ios-sdk" */;
			productName = FirebaseDatabase;
		};
		59787DFE2E2AE096001B1218 /* FirebaseFirestore */ = {
			isa = XCSwiftPackageProductDependency;
			package = 59787DE72E2AE096001B1218 /* XCRemoteSwiftPackageReference "firebase-ios-sdk" */;
			productName = FirebaseFirestore;
		};
		59787E002E2AE096001B1218 /* FirebaseFirestoreCombine-Community */ = {
			isa = XCSwiftPackageProductDependency;
			package = 59787DE72E2AE096001B1218 /* XCRemoteSwiftPackageReference "firebase-ios-sdk" */;
			productName = "FirebaseFirestoreCombine-Community";
		};
		59787E022E2AE096001B1218 /* FirebaseFunctions */ = {
			isa = XCSwiftPackageProductDependency;
			package = 59787DE72E2AE096001B1218 /* XCRemoteSwiftPackageReference "firebase-ios-sdk" */;
			productName = FirebaseFunctions;
		};
		59787E042E2AE096001B1218 /* FirebaseFunctionsCombine-Community */ = {
			isa = XCSwiftPackageProductDependency;
			package = 59787DE72E2AE096001B1218 /* XCRemoteSwiftPackageReference "firebase-ios-sdk" */;
			productName = "FirebaseFunctionsCombine-Community";
		};
		59787E062E2AE096001B1218 /* FirebaseInstallations */ = {
			isa = XCSwiftPackageProductDependency;
			package = 59787DE72E2AE096001B1218 /* XCRemoteSwiftPackageReference "firebase-ios-sdk" */;
			productName = FirebaseInstallations;
		};
		59787E082E2AE096001B1218 /* FirebasePerformance */ = {
			isa = XCSwiftPackageProductDependency;
			package = 59787DE72E2AE096001B1218 /* XCRemoteSwiftPackageReference "firebase-ios-sdk" */;
			productName = FirebasePerformance;
		};
		59787E0A2E2AE096001B1218 /* FirebaseRemoteConfig */ = {
			isa = XCSwiftPackageProductDependency;
			package = 59787DE72E2AE096001B1218 /* XCRemoteSwiftPackageReference "firebase-ios-sdk" */;
			productName = FirebaseRemoteConfig;
		};
		59787E0C2E2AE096001B1218 /* FirebaseStorage */ = {
			isa = XCSwiftPackageProductDependency;
			package = 59787DE72E2AE096001B1218 /* XCRemoteSwiftPackageReference "firebase-ios-sdk" */;
			productName = FirebaseStorage;
		};
		59787E602E36F911001B1218 /* GoogleMobileAds */ = {
			isa = XCSwiftPackageProductDependency;
			package = 59787E5F2E36F911001B1218 /* XCRemoteSwiftPackageReference "swift-package-manager-google-mobile-ads" */;
			productName = GoogleMobileAds;
		};
		59ABAEC02E53307D00C77CD4 /* GoogleAppMeasurement */ = {
			isa = XCSwiftPackageProductDependency;
			package = 59ABAEBF2E53307D00C77CD4 /* XCRemoteSwiftPackageReference "GoogleAppMeasurement" */;
			productName = GoogleAppMeasurement;
		};
		59ABAEC22E53307D00C77CD4 /* GoogleAppMeasurementCore */ = {
			isa = XCSwiftPackageProductDependency;
			package = 59ABAEBF2E53307D00C77CD4 /* XCRemoteSwiftPackageReference "GoogleAppMeasurement" */;
			productName = GoogleAppMeasurementCore;
		};
		59ABAEC42E53307D00C77CD4 /* GoogleAppMeasurementIdentitySupport */ = {
			isa = XCSwiftPackageProductDependency;
			package = 59ABAEBF2E53307D00C77CD4 /* XCRemoteSwiftPackageReference "GoogleAppMeasurement" */;
			productName = GoogleAppMeasurementIdentitySupport;
		};
/* End XCSwiftPackageProductDependency section */
	};
	rootObject = 59787D932E2A5921001B1218 /* Project object */;
}
